
Microsoft Visual Studio Solution File, Format Version 12.00
# Visual Studio Version 17
VisualStudioVersion = 17.11.35222.181
MinimumVisualStudioVersion = 10.0.40219.1
Project("{9A19103F-16F7-4668-BE54-9A1E7A4F7556}") = "Task_1", "Task_1\Task_1.csproj", "{EA8623B2-9D19-45BB-9B65-14183A479D08}"
EndProject
Project("{FAE04EC0-301F-11D3-BF4B-00C04F79EFBC}") = "Task_2", "Task_2\Task_2.csproj", "{380E2839-BF99-4CAB-8C8C-BB7808E9EC9F}"
EndProject
Global
	GlobalSection(SolutionConfigurationPlatforms) = preSolution
		Debug|Any CPU = Debug|Any CPU
		Release|Any CPU = Release|Any CPU
	EndGlobalSection
	GlobalSection(ProjectConfigurationPlatforms) = postSolution
		{EA8623B2-9D19-45BB-9B65-14183A479D08}.Debug|Any CPU.ActiveCfg = Debug|Any CPU
		{EA8623B2-9D19-45BB-9B65-14183A479D08}.Debug|Any CPU.Build.0 = Debug|Any CPU
		{EA8623B2-9D19-45BB-9B65-14183A479D08}.Release|Any CPU.ActiveCfg = Release|Any CPU
		{EA8623B2-9D19-45BB-9B65-14183A479D08}.Release|Any CPU.Build.0 = Release|Any CPU
		{380E2839-BF99-4CAB-8C8C-BB7808E9EC9F}.Debug|Any CPU.ActiveCfg = Debug|Any CPU
		{380E2839-BF99-4CAB-8C8C-BB7808E9EC9F}.Debug|Any CPU.Build.0 = Debug|Any CPU
		{380E2839-BF99-4CAB-8C8C-BB7808E9EC9F}.Release|Any CPU.ActiveCfg = Release|Any CPU
		{380E2839-BF99-4CAB-8C8C-BB7808E9EC9F}.Release|Any CPU.Build.0 = Release|Any CPU
	EndGlobalSection
	GlobalSection(SolutionProperties) = preSolution
		HideSolutionNode = FALSE
	EndGlobalSection
	GlobalSection(ExtensibilityGlobals) = postSolution
		SolutionGuid = {114EDDA1-0D91-4881-A8F1-26C780338789}
	EndGlobalSection
EndGlobal
